
Microsoft Visual Studio Solution File, Format Version 12.00
# Visual Studio Version 16
VisualStudioVersion = 16.0.32630.194
MinimumVisualStudioVersion = 10.0.40219.1
Project("{FAE04EC0-301F-11D3-BF4B-00C04F79EFBC}") = "Q1", "Q1\Q1.csproj", "{ABFEF2E8-C2D1-48BB-895D-571BAED78795}"
EndProject
Global
	GlobalSection(SolutionConfigurationPlatforms) = preSolution
		Debug|Any CPU = Debug|Any CPU
		Release|Any CPU = Release|Any CPU
	EndGlobalSection
	GlobalSection(ProjectConfigurationPlatforms) = postSolution
		{ABFEF2E8-C2D1-48BB-895D-571BAED78795}.Debug|Any CPU.ActiveCfg = Debug|Any CPU
		{ABFEF2E8-C2D1-48BB-895D-571BAED78795}.Debug|Any CPU.Build.0 = Debug|Any CPU
		{ABFEF2E8-C2D1-48BB-895D-571BAED78795}.Release|Any CPU.ActiveCfg = Release|Any CPU
		{ABFEF2E8-C2D1-48BB-895D-571BAED78795}.Release|Any CPU.Build.0 = Release|Any CPU
	EndGlobalSection
	GlobalSection(SolutionProperties) = preSolution
		HideSolutionNode = FALSE
	EndGlobalSection
	GlobalSection(ExtensibilityGlobals) = postSolution
		SolutionGuid = {551961C5-A9EF-40BC-A507-2B374879381A}
	EndGlobalSection
EndGlobal
